
Microsoft Visual Studio Solution File, Format Version 12.00
# Visual Studio 15
VisualStudioVersion = 15.0.28307.960
MinimumVisualStudioVersion = 10.0.40219.1
Project("{FAE04EC0-301F-11D3-BF4B-00C04F79EFBC}") = "ArrayProgram", "ArrayProgram\ArrayProgram.csproj", "{458F7F23-731E-43AD-93EE-51E39FE7434B}"
EndProject
Global
	GlobalSection(SolutionConfigurationPlatforms) = preSolution
		Debug|Any CPU = Debug|Any CPU
		Release|Any CPU = Release|Any CPU
	EndGlobalSection
	GlobalSection(ProjectConfigurationPlatforms) = postSolution
		{458F7F23-731E-43AD-93EE-51E39FE7434B}.Debug|Any CPU.ActiveCfg = Debug|Any CPU
		{458F7F23-731E-43AD-93EE-51E39FE7434B}.Debug|Any CPU.Build.0 = Debug|Any CPU
		{458F7F23-731E-43AD-93EE-51E39FE7434B}.Release|Any CPU.ActiveCfg = Release|Any CPU
		{458F7F23-731E-43AD-93EE-51E39FE7434B}.Release|Any CPU.Build.0 = Release|Any CPU
	EndGlobalSection
	GlobalSection(SolutionProperties) = preSolution
		HideSolutionNode = FALSE
	EndGlobalSection
	GlobalSection(ExtensibilityGlobals) = postSolution
		SolutionGuid = {D4DED267-38F4-46BC-9652-4E73452D78BD}
	EndGlobalSection
EndGlobal
